// !$*UTF8*$!
{
	archiveVersion = 1;
	classes = {
	};
	objectVersion = 46;
	objects = {

/* Begin PBXBuildFile section */
		4230A76A185EF00C006D865F /* ARCollectionView.m in Sources */ = {isa = PBXBuildFile; fileRef = 4230A769185EF00C006D865F /* ARCollectionView.m */; };
		4230A76D185F0626006D865F /* ARCollectionItemView.m in Sources */ = {isa = PBXBuildFile; fileRef = 4230A76C185F0626006D865F /* ARCollectionItemView.m */; };
		4230A770185F06B6006D865F /* ARCollectionItem.m in Sources */ = {isa = PBXBuildFile; fileRef = 4230A76F185F06B6006D865F /* ARCollectionItem.m */; };
		42362D29184C55AE00649DDD /* libopencv_imgproc.2.4.7.dylib in Frameworks */ = {isa = PBXBuildFile; fileRef = 42362D28184C55AE00649DDD /* libopencv_imgproc.2.4.7.dylib */; };
		42362D3A184C575100649DDD /* libopencv_core.2.4.7.dylib in Frameworks */ = {isa = PBXBuildFile; fileRef = 42362D2C184C575100649DDD /* libopencv_core.2.4.7.dylib */; };
		42362D47184C5EE400649DDD /* DXFeatureFinder.mm in Sources */ = {isa = PBXBuildFile; fileRef = 42362D46184C5EE400649DDD /* DXFeatureFinder.mm */; };
		42362D4A184C633B00649DDD /* NSImage+OpenCV.mm in Sources */ = {isa = PBXBuildFile; fileRef = 42362D49184C633B00649DDD /* NSImage+OpenCV.mm */; };
		423AA87F184DDB2700E3F9DC /* ARImageView.m in Sources */ = {isa = PBXBuildFile; fileRef = 423AA87E184DDB2700E3F9DC /* ARImageView.m */; };
		42479F821862D34E0024380C /* ARLeftTestSuite.m in Sources */ = {isa = PBXBuildFile; fileRef = 42479F811862D34E0024380C /* ARLeftTestSuite.m */; };
		425176281844816300C3D08D /* JSONKit.m in Sources */ = {isa = PBXBuildFile; fileRef = 425176251844816300C3D08D /* JSONKit.m */; settings = {COMPILER_FLAGS = "-fno-objc-arc"; }; };
		42517630184481E000C3D08D /* DXTouchCommand.m in Sources */ = {isa = PBXBuildFile; fileRef = 4251762F184481E000C3D08D /* DXTouchCommand.m */; };
		425BCFDE18619B5B00E00962 /* ARTestRunner.m in Sources */ = {isa = PBXBuildFile; fileRef = 425BCFDD18619B5B00E00962 /* ARTestRunner.m */; };
		4271FA36184739F800EF87D0 /* Base64.m in Sources */ = {isa = PBXBuildFile; fileRef = 4271FA35184739F800EF87D0 /* Base64.m */; };
		427CF297185027E200B40A9A /* .gitignore in Resources */ = {isa = PBXBuildFile; fileRef = 427CF15C185027E000B40A9A /* .gitignore */; };
		427CF298185027E200B40A9A /* CocoaAsyncSocket.podspec in Resources */ = {isa = PBXBuildFile; fileRef = 427CF15D185027E000B40A9A /* CocoaAsyncSocket.podspec */; };
		427CF299185027E200B40A9A /* Documentation.html in Resources */ = {isa = PBXBuildFile; fileRef = 427CF15F185027E000B40A9A /* Documentation.html */; };
		427CF29A185027E200B40A9A /* GCDAsyncSocket.m in Sources */ = {isa = PBXBuildFile; fileRef = 427CF161185027E000B40A9A /* GCDAsyncSocket.m */; };
		427CF29B185027E200B40A9A /* GCDAsyncUdpSocket.m in Sources */ = {isa = PBXBuildFile; fileRef = 427CF163185027E000B40A9A /* GCDAsyncUdpSocket.m */; };
		427CF2F1185027E200B40A9A /* README.markdown in Resources */ = {isa = PBXBuildFile; fileRef = 427CF240185027E200B40A9A /* README.markdown */; };
		427CF2F2185027E200B40A9A /* AsyncSocket.m in Sources */ = {isa = PBXBuildFile; fileRef = 427CF243185027E200B40A9A /* AsyncSocket.m */; };
		427CF2F3185027E200B40A9A /* AsyncUdpSocket.m in Sources */ = {isa = PBXBuildFile; fileRef = 427CF245185027E200B40A9A /* AsyncUdpSocket.m */; };
		427CF2F4185027E200B40A9A /* Documentation.html in Resources */ = {isa = PBXBuildFile; fileRef = 427CF246185027E200B40A9A /* Documentation.html */; };
		427CF30E185027E200B40A9A /* DDAbstractDatabaseLogger.m in Sources */ = {isa = PBXBuildFile; fileRef = 427CF288185027E200B40A9A /* DDAbstractDatabaseLogger.m */; };
		427CF30F185027E200B40A9A /* DDASLLogger.m in Sources */ = {isa = PBXBuildFile; fileRef = 427CF28A185027E200B40A9A /* DDASLLogger.m */; };
		427CF310185027E200B40A9A /* DDFileLogger.m in Sources */ = {isa = PBXBuildFile; fileRef = 427CF28C185027E200B40A9A /* DDFileLogger.m */; };
		427CF311185027E200B40A9A /* DDLog.m in Sources */ = {isa = PBXBuildFile; fileRef = 427CF28E185027E200B40A9A /* DDLog.m */; };
		427CF312185027E200B40A9A /* DDTTYLogger.m in Sources */ = {isa = PBXBuildFile; fileRef = 427CF290185027E200B40A9A /* DDTTYLogger.m */; };
		427CF313185027E200B40A9A /* ContextFilterLogFormatter.m in Sources */ = {isa = PBXBuildFile; fileRef = 427CF293185027E200B40A9A /* ContextFilterLogFormatter.m */; };
		427CF314185027E200B40A9A /* DispatchQueueLogFormatter.m in Sources */ = {isa = PBXBuildFile; fileRef = 427CF295185027E200B40A9A /* DispatchQueueLogFormatter.m */; };
		427CF315185027E200B40A9A /* README.txt in Resources */ = {isa = PBXBuildFile; fileRef = 427CF296185027E200B40A9A /* README.txt */; };
		427CF34A185033A300B40A9A /* Security.framework in Frameworks */ = {isa = PBXBuildFile; fileRef = 427CF349185033A300B40A9A /* Security.framework */; };
		42A29B141855855100B835BE /* ARTestSuite.m in Sources */ = {isa = PBXBuildFile; fileRef = 42A29B131855855100B835BE /* ARTestSuite.m */; };
		42A29B171855968300B835BE /* XcfHomeTestSuite.m in Sources */ = {isa = PBXBuildFile; fileRef = 42A29B161855968300B835BE /* XcfHomeTestSuite.m */; };
		42A29B1A18559B4300B835BE /* ARTestEngine.m in Sources */ = {isa = PBXBuildFile; fileRef = 42A29B1918559B4300B835BE /* ARTestEngine.m */; };
		42C0FDF3183B4A2F004094FD /* Cocoa.framework in Frameworks */ = {isa = PBXBuildFile; fileRef = 42C0FDF2183B4A2F004094FD /* Cocoa.framework */; };
		42C0FDFD183B4A2F004094FD /* InfoPlist.strings in Resources */ = {isa = PBXBuildFile; fileRef = 42C0FDFB183B4A2F004094FD /* InfoPlist.strings */; };
		42C0FDFF183B4A2F004094FD /* main.m in Sources */ = {isa = PBXBuildFile; fileRef = 42C0FDFE183B4A2F004094FD /* main.m */; };
		42C0FE03183B4A2F004094FD /* Credits.rtf in Resources */ = {isa = PBXBuildFile; fileRef = 42C0FE01183B4A2F004094FD /* Credits.rtf */; };
		42C0FE06183B4A2F004094FD /* ARDocument.m in Sources */ = {isa = PBXBuildFile; fileRef = 42C0FE05183B4A2F004094FD /* ARDocument.m */; };
		42C0FE09183B4A2F004094FD /* ARDocument.xib in Resources */ = {isa = PBXBuildFile; fileRef = 42C0FE07183B4A2F004094FD /* ARDocument.xib */; };
		42C0FE0C183B4A2F004094FD /* MainMenu.xib in Resources */ = {isa = PBXBuildFile; fileRef = 42C0FE0A183B4A2F004094FD /* MainMenu.xib */; };
		42C0FE0E183B4A2F004094FD /* Images.xcassets in Resources */ = {isa = PBXBuildFile; fileRef = 42C0FE0D183B4A2F004094FD /* Images.xcassets */; };
		42C0FE15183B4A2F004094FD /* XCTest.framework in Frameworks */ = {isa = PBXBuildFile; fileRef = 42C0FE14183B4A2F004094FD /* XCTest.framework */; };
		42C0FE16183B4A2F004094FD /* Cocoa.framework in Frameworks */ = {isa = PBXBuildFile; fileRef = 42C0FDF2183B4A2F004094FD /* Cocoa.framework */; };
		42C0FE1E183B4A2F004094FD /* InfoPlist.strings in Resources */ = {isa = PBXBuildFile; fileRef = 42C0FE1C183B4A2F004094FD /* InfoPlist.strings */; };
		42C0FE20183B4A2F004094FD /* AmazingRoboTests.m in Sources */ = {isa = PBXBuildFile; fileRef = 42C0FE1F183B4A2F004094FD /* AmazingRoboTests.m */; };
/* End PBXBuildFile section */

/* Begin PBXContainerItemProxy section */
		42C0FE17183B4A2F004094FD /* PBXContainerItemProxy */ = {
			isa = PBXContainerItemProxy;
			containerPortal = 42C0FDE7183B4A2F004094FD /* Project object */;
			proxyType = 1;
			remoteGlobalIDString = 42C0FDEE183B4A2F004094FD;
			remoteInfo = AmazingRobo;
		};
/* End PBXContainerItemProxy section */

/* Begin PBXFileReference section */
		4230A768185EF00C006D865F /* ARCollectionView.h */ = {isa = PBXFileReference; fileEncoding = 4; lastKnownFileType = sourcecode.c.h; path = ARCollectionView.h; sourceTree = "<group>"; };
		4230A769185EF00C006D865F /* ARCollectionView.m */ = {isa = PBXFileReference; fileEncoding = 4; lastKnownFileType = sourcecode.c.objc; path = ARCollectionView.m; sourceTree = "<group>"; };
		4230A76B185F0626006D865F /* ARCollectionItemView.h */ = {isa = PBXFileReference; fileEncoding = 4; lastKnownFileType = sourcecode.c.h; path = ARCollectionItemView.h; sourceTree = "<group>"; };
		4230A76C185F0626006D865F /* ARCollectionItemView.m */ = {isa = PBXFileReference; fileEncoding = 4; lastKnownFileType = sourcecode.c.objc; path = ARCollectionItemView.m; sourceTree = "<group>"; };
		4230A76E185F06B6006D865F /* ARCollectionItem.h */ = {isa = PBXFileReference; fileEncoding = 4; lastKnownFileType = sourcecode.c.h; path = ARCollectionItem.h; sourceTree = "<group>"; };
		4230A76F185F06B6006D865F /* ARCollectionItem.m */ = {isa = PBXFileReference; fileEncoding = 4; lastKnownFileType = sourcecode.c.objc; path = ARCollectionItem.m; sourceTree = "<group>"; };
		42362D28184C55AE00649DDD /* libopencv_imgproc.2.4.7.dylib */ = {isa = PBXFileReference; lastKnownFileType = "compiled.mach-o.dylib"; name = libopencv_imgproc.2.4.7.dylib; path = ../../../../../usr/local/lib/libopencv_imgproc.2.4.7.dylib; sourceTree = "<group>"; };
		42362D2C184C575100649DDD /* libopencv_core.2.4.7.dylib */ = {isa = PBXFileReference; lastKnownFileType = "compiled.mach-o.dylib"; name = libopencv_core.2.4.7.dylib; path = ../../../../../usr/local/lib/libopencv_core.2.4.7.dylib; sourceTree = "<group>"; };
		42362D46184C5EE400649DDD /* DXFeatureFinder.mm */ = {isa = PBXFileReference; fileEncoding = 4; lastKnownFileType = sourcecode.cpp.objcpp; path = DXFeatureFinder.mm; sourceTree = "<group>"; };
		42362D48184C633B00649DDD /* NSImage+OpenCV.h */ = {isa = PBXFileReference; fileEncoding = 4; lastKnownFileType = sourcecode.c.h; path = "NSImage+OpenCV.h"; sourceTree = "<group>"; };
		42362D49184C633B00649DDD /* NSImage+OpenCV.mm */ = {isa = PBXFileReference; fileEncoding = 4; lastKnownFileType = sourcecode.cpp.objcpp; path = "NSImage+OpenCV.mm"; sourceTree = "<group>"; };
		423AA87D184DDB2700E3F9DC /* ARImageView.h */ = {isa = PBXFileReference; fileEncoding = 4; lastKnownFileType = sourcecode.c.h; path = ARImageView.h; sourceTree = "<group>"; };
		423AA87E184DDB2700E3F9DC /* ARImageView.m */ = {isa = PBXFileReference; fileEncoding = 4; lastKnownFileType = sourcecode.c.objc; path = ARImageView.m; sourceTree = "<group>"; };
		42479F801862D34E0024380C /* ARLeftTestSuite.h */ = {isa = PBXFileReference; fileEncoding = 4; lastKnownFileType = sourcecode.c.h; path = ARLeftTestSuite.h; sourceTree = "<group>"; };
		42479F811862D34E0024380C /* ARLeftTestSuite.m */ = {isa = PBXFileReference; fileEncoding = 4; lastKnownFileType = sourcecode.c.objc; path = ARLeftTestSuite.m; sourceTree = "<group>"; };
		425176241844816300C3D08D /* JSONKit.h */ = {isa = PBXFileReference; fileEncoding = 4; lastKnownFileType = sourcecode.c.h; path = JSONKit.h; sourceTree = "<group>"; };
		425176251844816300C3D08D /* JSONKit.m */ = {isa = PBXFileReference; fileEncoding = 4; lastKnownFileType = sourcecode.c.objc; path = JSONKit.m; sourceTree = "<group>"; };
		4251762E184481E000C3D08D /* DXTouchCommand.h */ = {isa = PBXFileReference; fileEncoding = 4; lastKnownFileType = sourcecode.c.h; path = DXTouchCommand.h; sourceTree = "<group>"; };
		4251762F184481E000C3D08D /* DXTouchCommand.m */ = {isa = PBXFileReference; fileEncoding = 4; lastKnownFileType = sourcecode.c.objc; path = DXTouchCommand.m; sourceTree = "<group>"; };
		425BCFDC18619B5B00E00962 /* ARTestRunner.h */ = {isa = PBXFileReference; fileEncoding = 4; lastKnownFileType = sourcecode.c.h; path = ARTestRunner.h; sourceTree = "<group>"; };
		425BCFDD18619B5B00E00962 /* ARTestRunner.m */ = {isa = PBXFileReference; fileEncoding = 4; lastKnownFileType = sourcecode.c.objc; path = ARTestRunner.m; sourceTree = "<group>"; };
		4271FA34184739F800EF87D0 /* Base64.h */ = {isa = PBXFileReference; fileEncoding = 4; lastKnownFileType = sourcecode.c.h; path = Base64.h; sourceTree = "<group>"; };
		4271FA35184739F800EF87D0 /* Base64.m */ = {isa = PBXFileReference; fileEncoding = 4; lastKnownFileType = sourcecode.c.objc; path = Base64.m; sourceTree = "<group>"; };
		427CF15C185027E000B40A9A /* .gitignore */ = {isa = PBXFileReference; fileEncoding = 4; lastKnownFileType = text; path = .gitignore; sourceTree = "<group>"; };
		427CF15D185027E000B40A9A /* CocoaAsyncSocket.podspec */ = {isa = PBXFileReference; fileEncoding = 4; lastKnownFileType = text; path = CocoaAsyncSocket.podspec; sourceTree = "<group>"; };
		427CF15F185027E000B40A9A /* Documentation.html */ = {isa = PBXFileReference; fileEncoding = 4; lastKnownFileType = text.html; path = Documentation.html; sourceTree = "<group>"; };
		427CF160185027E000B40A9A /* GCDAsyncSocket.h */ = {isa = PBXFileReference; fileEncoding = 4; lastKnownFileType = sourcecode.c.h; path = GCDAsyncSocket.h; sourceTree = "<group>"; };
		427CF161185027E000B40A9A /* GCDAsyncSocket.m */ = {isa = PBXFileReference; fileEncoding = 4; lastKnownFileType = sourcecode.c.objc; path = GCDAsyncSocket.m; sourceTree = "<group>"; };
		427CF162185027E000B40A9A /* GCDAsyncUdpSocket.h */ = {isa = PBXFileReference; fileEncoding = 4; lastKnownFileType = sourcecode.c.h; path = GCDAsyncUdpSocket.h; sourceTree = "<group>"; };
		427CF163185027E000B40A9A /* GCDAsyncUdpSocket.m */ = {isa = PBXFileReference; fileEncoding = 4; lastKnownFileType = sourcecode.c.objc; path = GCDAsyncUdpSocket.m; sourceTree = "<group>"; };
		427CF240185027E200B40A9A /* README.markdown */ = {isa = PBXFileReference; fileEncoding = 4; lastKnownFileType = text; path = README.markdown; sourceTree = "<group>"; };
		427CF242185027E200B40A9A /* AsyncSocket.h */ = {isa = PBXFileReference; fileEncoding = 4; lastKnownFileType = sourcecode.c.h; path = AsyncSocket.h; sourceTree = "<group>"; };
		427CF243185027E200B40A9A /* AsyncSocket.m */ = {isa = PBXFileReference; fileEncoding = 4; lastKnownFileType = sourcecode.c.objc; path = AsyncSocket.m; sourceTree = "<group>"; };
		427CF244185027E200B40A9A /* AsyncUdpSocket.h */ = {isa = PBXFileReference; fileEncoding = 4; lastKnownFileType = sourcecode.c.h; path = AsyncUdpSocket.h; sourceTree = "<group>"; };
		427CF245185027E200B40A9A /* AsyncUdpSocket.m */ = {isa = PBXFileReference; fileEncoding = 4; lastKnownFileType = sourcecode.c.objc; path = AsyncUdpSocket.m; sourceTree = "<group>"; };
		427CF246185027E200B40A9A /* Documentation.html */ = {isa = PBXFileReference; fileEncoding = 4; lastKnownFileType = text.html; path = Documentation.html; sourceTree = "<group>"; };
		427CF287185027E200B40A9A /* DDAbstractDatabaseLogger.h */ = {isa = PBXFileReference; fileEncoding = 4; lastKnownFileType = sourcecode.c.h; path = DDAbstractDatabaseLogger.h; sourceTree = "<group>"; };
		427CF288185027E200B40A9A /* DDAbstractDatabaseLogger.m */ = {isa = PBXFileReference; fileEncoding = 4; lastKnownFileType = sourcecode.c.objc; path = DDAbstractDatabaseLogger.m; sourceTree = "<group>"; };
		427CF289185027E200B40A9A /* DDASLLogger.h */ = {isa = PBXFileReference; fileEncoding = 4; lastKnownFileType = sourcecode.c.h; path = DDASLLogger.h; sourceTree = "<group>"; };
		427CF28A185027E200B40A9A /* DDASLLogger.m */ = {isa = PBXFileReference; fileEncoding = 4; lastKnownFileType = sourcecode.c.objc; path = DDASLLogger.m; sourceTree = "<group>"; };
		427CF28B185027E200B40A9A /* DDFileLogger.h */ = {isa = PBXFileReference; fileEncoding = 4; lastKnownFileType = sourcecode.c.h; path = DDFileLogger.h; sourceTree = "<group>"; };
		427CF28C185027E200B40A9A /* DDFileLogger.m */ = {isa = PBXFileReference; fileEncoding = 4; lastKnownFileType = sourcecode.c.objc; path = DDFileLogger.m; sourceTree = "<group>"; };
		427CF28D185027E200B40A9A /* DDLog.h */ = {isa = PBXFileReference; fileEncoding = 4; lastKnownFileType = sourcecode.c.h; path = DDLog.h; sourceTree = "<group>"; };
		427CF28E185027E200B40A9A /* DDLog.m */ = {isa = PBXFileReference; fileEncoding = 4; lastKnownFileType = sourcecode.c.objc; path = DDLog.m; sourceTree = "<group>"; };
		427CF28F185027E200B40A9A /* DDTTYLogger.h */ = {isa = PBXFileReference; fileEncoding = 4; lastKnownFileType = sourcecode.c.h; path = DDTTYLogger.h; sourceTree = "<group>"; };
		427CF290185027E200B40A9A /* DDTTYLogger.m */ = {isa = PBXFileReference; fileEncoding = 4; lastKnownFileType = sourcecode.c.objc; path = DDTTYLogger.m; sourceTree = "<group>"; };
		427CF292185027E200B40A9A /* ContextFilterLogFormatter.h */ = {isa = PBXFileReference; fileEncoding = 4; lastKnownFileType = sourcecode.c.h; path = ContextFilterLogFormatter.h; sourceTree = "<group>"; };
		427CF293185027E200B40A9A /* ContextFilterLogFormatter.m */ = {isa = PBXFileReference; fileEncoding = 4; lastKnownFileType = sourcecode.c.objc; path = ContextFilterLogFormatter.m; sourceTree = "<group>"; };
		427CF294185027E200B40A9A /* DispatchQueueLogFormatter.h */ = {isa = PBXFileReference; fileEncoding = 4; lastKnownFileType = sourcecode.c.h; path = DispatchQueueLogFormatter.h; sourceTree = "<group>"; };
		427CF295185027E200B40A9A /* DispatchQueueLogFormatter.m */ = {isa = PBXFileReference; fileEncoding = 4; lastKnownFileType = sourcecode.c.objc; path = DispatchQueueLogFormatter.m; sourceTree = "<group>"; };
		427CF296185027E200B40A9A /* README.txt */ = {isa = PBXFileReference; fileEncoding = 4; lastKnownFileType = text; path = README.txt; sourceTree = "<group>"; };
		427CF349185033A300B40A9A /* Security.framework */ = {isa = PBXFileReference; lastKnownFileType = wrapper.framework; name = Security.framework; path = System/Library/Frameworks/Security.framework; sourceTree = SDKROOT; };
		429DAB33184C2E1000A4FDCE /* DXFeatureFinder.h */ = {isa = PBXFileReference; fileEncoding = 4; lastKnownFileType = sourcecode.c.h; path = DXFeatureFinder.h; sourceTree = "<group>"; };
		42A29B121855855100B835BE /* ARTestSuite.h */ = {isa = PBXFileReference; fileEncoding = 4; lastKnownFileType = sourcecode.c.h; path = ARTestSuite.h; sourceTree = "<group>"; };
		42A29B131855855100B835BE /* ARTestSuite.m */ = {isa = PBXFileReference; fileEncoding = 4; lastKnownFileType = sourcecode.c.objc; path = ARTestSuite.m; sourceTree = "<group>"; };
		42A29B151855968300B835BE /* XcfHomeTestSuite.h */ = {isa = PBXFileReference; fileEncoding = 4; lastKnownFileType = sourcecode.c.h; path = XcfHomeTestSuite.h; sourceTree = "<group>"; };
		42A29B161855968300B835BE /* XcfHomeTestSuite.m */ = {isa = PBXFileReference; fileEncoding = 4; lastKnownFileType = sourcecode.c.objc; path = XcfHomeTestSuite.m; sourceTree = "<group>"; };
		42A29B1818559B4300B835BE /* ARTestEngine.h */ = {isa = PBXFileReference; fileEncoding = 4; lastKnownFileType = sourcecode.c.h; path = ARTestEngine.h; sourceTree = "<group>"; };
		42A29B1918559B4300B835BE /* ARTestEngine.m */ = {isa = PBXFileReference; fileEncoding = 4; lastKnownFileType = sourcecode.c.objc; path = ARTestEngine.m; sourceTree = "<group>"; };
		42C0FDEF183B4A2F004094FD /* AmazingRobo.app */ = {isa = PBXFileReference; explicitFileType = wrapper.application; includeInIndex = 0; path = AmazingRobo.app; sourceTree = BUILT_PRODUCTS_DIR; };
		42C0FDF2183B4A2F004094FD /* Cocoa.framework */ = {isa = PBXFileReference; lastKnownFileType = wrapper.framework; name = Cocoa.framework; path = System/Library/Frameworks/Cocoa.framework; sourceTree = SDKROOT; };
		42C0FDF5183B4A2F004094FD /* AppKit.framework */ = {isa = PBXFileReference; lastKnownFileType = wrapper.framework; name = AppKit.framework; path = System/Library/Frameworks/AppKit.framework; sourceTree = SDKROOT; };
		42C0FDF6183B4A2F004094FD /* CoreData.framework */ = {isa = PBXFileReference; lastKnownFileType = wrapper.framework; name = CoreData.framework; path = System/Library/Frameworks/CoreData.framework; sourceTree = SDKROOT; };
		42C0FDF7183B4A2F004094FD /* Foundation.framework */ = {isa = PBXFileReference; lastKnownFileType = wrapper.framework; name = Foundation.framework; path = System/Library/Frameworks/Foundation.framework; sourceTree = SDKROOT; };
		42C0FDFA183B4A2F004094FD /* AmazingRobo-Info.plist */ = {isa = PBXFileReference; lastKnownFileType = text.plist.xml; path = "AmazingRobo-Info.plist"; sourceTree = "<group>"; };
		42C0FDFC183B4A2F004094FD /* en */ = {isa = PBXFileReference; lastKnownFileType = text.plist.strings; name = en; path = en.lproj/InfoPlist.strings; sourceTree = "<group>"; };
		42C0FDFE183B4A2F004094FD /* main.m */ = {isa = PBXFileReference; lastKnownFileType = sourcecode.c.objc; path = main.m; sourceTree = "<group>"; };
		42C0FE00183B4A2F004094FD /* AmazingRobo-Prefix.pch */ = {isa = PBXFileReference; lastKnownFileType = sourcecode.c.h; path = "AmazingRobo-Prefix.pch"; sourceTree = "<group>"; };
		42C0FE02183B4A2F004094FD /* en */ = {isa = PBXFileReference; lastKnownFileType = text.rtf; name = en; path = en.lproj/Credits.rtf; sourceTree = "<group>"; };
		42C0FE04183B4A2F004094FD /* ARDocument.h */ = {isa = PBXFileReference; lastKnownFileType = sourcecode.c.h; path = ARDocument.h; sourceTree = "<group>"; };
		42C0FE05183B4A2F004094FD /* ARDocument.m */ = {isa = PBXFileReference; lastKnownFileType = sourcecode.c.objc; path = ARDocument.m; sourceTree = "<group>"; };
		42C0FE08183B4A2F004094FD /* Base */ = {isa = PBXFileReference; lastKnownFileType = file.xib; name = Base; path = Base.lproj/ARDocument.xib; sourceTree = "<group>"; };
		42C0FE0B183B4A2F004094FD /* Base */ = {isa = PBXFileReference; lastKnownFileType = file.xib; name = Base; path = Base.lproj/MainMenu.xib; sourceTree = "<group>"; };
		42C0FE0D183B4A2F004094FD /* Images.xcassets */ = {isa = PBXFileReference; lastKnownFileType = folder.assetcatalog; path = Images.xcassets; sourceTree = "<group>"; };
		42C0FE13183B4A2F004094FD /* AmazingRoboTests.xctest */ = {isa = PBXFileReference; explicitFileType = wrapper.cfbundle; includeInIndex = 0; path = AmazingRoboTests.xctest; sourceTree = BUILT_PRODUCTS_DIR; };
		42C0FE14183B4A2F004094FD /* XCTest.framework */ = {isa = PBXFileReference; lastKnownFileType = wrapper.framework; name = XCTest.framework; path = Library/Frameworks/XCTest.framework; sourceTree = DEVELOPER_DIR; };
		42C0FE1B183B4A2F004094FD /* AmazingRoboTests-Info.plist */ = {isa = PBXFileReference; lastKnownFileType = text.plist.xml; path = "AmazingRoboTests-Info.plist"; sourceTree = "<group>"; };
		42C0FE1D183B4A2F004094FD /* en */ = {isa = PBXFileReference; lastKnownFileType = text.plist.strings; name = en; path = en.lproj/InfoPlist.strings; sourceTree = "<group>"; };
		42C0FE1F183B4A2F004094FD /* AmazingRoboTests.m */ = {isa = PBXFileReference; lastKnownFileType = sourcecode.c.objc; path = AmazingRoboTests.m; sourceTree = "<group>"; };
/* End PBXFileReference section */

/* Begin PBXFrameworksBuildPhase section */
		42C0FDEC183B4A2F004094FD /* Frameworks */ = {
			isa = PBXFrameworksBuildPhase;
			buildActionMask = 2147483647;
			files = (
				427CF34A185033A300B40A9A /* Security.framework in Frameworks */,
				42362D3A184C575100649DDD /* libopencv_core.2.4.7.dylib in Frameworks */,
				42362D29184C55AE00649DDD /* libopencv_imgproc.2.4.7.dylib in Frameworks */,
				42C0FDF3183B4A2F004094FD /* Cocoa.framework in Frameworks */,
			);
			runOnlyForDeploymentPostprocessing = 0;
		};
		42C0FE10183B4A2F004094FD /* Frameworks */ = {
			isa = PBXFrameworksBuildPhase;
			buildActionMask = 2147483647;
			files = (
				42C0FE16183B4A2F004094FD /* Cocoa.framework in Frameworks */,
				42C0FE15183B4A2F004094FD /* XCTest.framework in Frameworks */,
			);
			runOnlyForDeploymentPostprocessing = 0;
		};
/* End PBXFrameworksBuildPhase section */

/* Begin PBXGroup section */
		425176221844816300C3D08D /* JSONKit */ = {
			isa = PBXGroup;
			children = (
				425176241844816300C3D08D /* JSONKit.h */,
				425176251844816300C3D08D /* JSONKit.m */,
			);
			path = JSONKit;
			sourceTree = "<group>";
		};
		4251762D184481E000C3D08D /* DataModel */ = {
			isa = PBXGroup;
			children = (
				4251762E184481E000C3D08D /* DXTouchCommand.h */,
				4251762F184481E000C3D08D /* DXTouchCommand.m */,
			);
			path = DataModel;
			sourceTree = "<group>";
		};
		425BCFDB18619B4D00E00962 /* TestRunner */ = {
			isa = PBXGroup;
			children = (
				425BCFDC18619B5B00E00962 /* ARTestRunner.h */,
				425BCFDD18619B5B00E00962 /* ARTestRunner.m */,
			);
			path = TestRunner;
			sourceTree = "<group>";
		};
		4271FA33184739F800EF87D0 /* Base64 */ = {
			isa = PBXGroup;
			children = (
				4271FA34184739F800EF87D0 /* Base64.h */,
				4271FA35184739F800EF87D0 /* Base64.m */,
			);
			name = Base64;
			path = ../../Base64/Base64;
			sourceTree = "<group>";
		};
		427CF15B185027E000B40A9A /* CocoaAsyncSocket */ = {
			isa = PBXGroup;
			children = (
				427CF15C185027E000B40A9A /* .gitignore */,
				427CF15D185027E000B40A9A /* CocoaAsyncSocket.podspec */,
				427CF15E185027E000B40A9A /* GCD */,
				427CF240185027E200B40A9A /* README.markdown */,
				427CF241185027E200B40A9A /* RunLoop */,
				427CF285185027E200B40A9A /* Vendor */,
			);
			name = CocoaAsyncSocket;
			path = ../../CocoaAsyncSocket;
			sourceTree = "<group>";
		};
		427CF15E185027E000B40A9A /* GCD */ = {
			isa = PBXGroup;
			children = (
				427CF15F185027E000B40A9A /* Documentation.html */,
				427CF160185027E000B40A9A /* GCDAsyncSocket.h */,
				427CF161185027E000B40A9A /* GCDAsyncSocket.m */,
				427CF162185027E000B40A9A /* GCDAsyncUdpSocket.h */,
				427CF163185027E000B40A9A /* GCDAsyncUdpSocket.m */,
			);
			path = GCD;
			sourceTree = "<group>";
		};
		427CF241185027E200B40A9A /* RunLoop */ = {
			isa = PBXGroup;
			children = (
				427CF242185027E200B40A9A /* AsyncSocket.h */,
				427CF243185027E200B40A9A /* AsyncSocket.m */,
				427CF244185027E200B40A9A /* AsyncUdpSocket.h */,
				427CF245185027E200B40A9A /* AsyncUdpSocket.m */,
				427CF246185027E200B40A9A /* Documentation.html */,
			);
			path = RunLoop;
			sourceTree = "<group>";
		};
		427CF285185027E200B40A9A /* Vendor */ = {
			isa = PBXGroup;
			children = (
				427CF286185027E200B40A9A /* CocoaLumberjack */,
			);
			path = Vendor;
			sourceTree = "<group>";
		};
		427CF286185027E200B40A9A /* CocoaLumberjack */ = {
			isa = PBXGroup;
			children = (
				427CF287185027E200B40A9A /* DDAbstractDatabaseLogger.h */,
				427CF288185027E200B40A9A /* DDAbstractDatabaseLogger.m */,
				427CF289185027E200B40A9A /* DDASLLogger.h */,
				427CF28A185027E200B40A9A /* DDASLLogger.m */,
				427CF28B185027E200B40A9A /* DDFileLogger.h */,
				427CF28C185027E200B40A9A /* DDFileLogger.m */,
				427CF28D185027E200B40A9A /* DDLog.h */,
				427CF28E185027E200B40A9A /* DDLog.m */,
				427CF28F185027E200B40A9A /* DDTTYLogger.h */,
				427CF290185027E200B40A9A /* DDTTYLogger.m */,
				427CF291185027E200B40A9A /* Extensions */,
			);
			path = CocoaLumberjack;
			sourceTree = "<group>";
		};
		427CF291185027E200B40A9A /* Extensions */ = {
			isa = PBXGroup;
			children = (
				427CF292185027E200B40A9A /* ContextFilterLogFormatter.h */,
				427CF293185027E200B40A9A /* ContextFilterLogFormatter.m */,
				427CF294185027E200B40A9A /* DispatchQueueLogFormatter.h */,
				427CF295185027E200B40A9A /* DispatchQueueLogFormatter.m */,
				427CF296185027E200B40A9A /* README.txt */,
			);
			path = Extensions;
			sourceTree = "<group>";
		};
		429DAB32184C2DF700A4FDCE /* FeatureFinder */ = {
			isa = PBXGroup;
			children = (
				429DAB33184C2E1000A4FDCE /* DXFeatureFinder.h */,
				42362D46184C5EE400649DDD /* DXFeatureFinder.mm */,
				42362D48184C633B00649DDD /* NSImage+OpenCV.h */,
				42362D49184C633B00649DDD /* NSImage+OpenCV.mm */,
			);
			path = FeatureFinder;
			sourceTree = "<group>";
		};
		42A29B111855854500B835BE /* TestSuite */ = {
			isa = PBXGroup;
			children = (
				42A29B121855855100B835BE /* ARTestSuite.h */,
				42A29B131855855100B835BE /* ARTestSuite.m */,
				42A29B151855968300B835BE /* XcfHomeTestSuite.h */,
				42A29B161855968300B835BE /* XcfHomeTestSuite.m */,
				42479F801862D34E0024380C /* ARLeftTestSuite.h */,
				42479F811862D34E0024380C /* ARLeftTestSuite.m */,
			);
			path = TestSuite;
			sourceTree = "<group>";
		};
		42C0FDE6183B4A2F004094FD = {
			isa = PBXGroup;
			children = (
				42C0FDF8183B4A2F004094FD /* AmazingRobo */,
				42C0FE19183B4A2F004094FD /* AmazingRoboTests */,
				42C0FDF1183B4A2F004094FD /* Frameworks */,
				42C0FDF0183B4A2F004094FD /* Products */,
			);
			sourceTree = "<group>";
		};
		42C0FDF0183B4A2F004094FD /* Products */ = {
			isa = PBXGroup;
			children = (
				42C0FDEF183B4A2F004094FD /* AmazingRobo.app */,
				42C0FE13183B4A2F004094FD /* AmazingRoboTests.xctest */,
			);
			name = Products;
			sourceTree = "<group>";
		};
		42C0FDF1183B4A2F004094FD /* Frameworks */ = {
			isa = PBXGroup;
			children = (
				427CF349185033A300B40A9A /* Security.framework */,
				42362D2C184C575100649DDD /* libopencv_core.2.4.7.dylib */,
				42362D28184C55AE00649DDD /* libopencv_imgproc.2.4.7.dylib */,
				42C0FDF2183B4A2F004094FD /* Cocoa.framework */,
				42C0FE14183B4A2F004094FD /* XCTest.framework */,
				42C0FDF4183B4A2F004094FD /* Other Frameworks */,
			);
			name = Frameworks;
			sourceTree = "<group>";
		};
		42C0FDF4183B4A2F004094FD /* Other Frameworks */ = {
			isa = PBXGroup;
			children = (
				42C0FDF5183B4A2F004094FD /* AppKit.framework */,
				42C0FDF6183B4A2F004094FD /* CoreData.framework */,
				42C0FDF7183B4A2F004094FD /* Foundation.framework */,
			);
			name = "Other Frameworks";
			sourceTree = "<group>";
		};
		42C0FDF8183B4A2F004094FD /* AmazingRobo */ = {
			isa = PBXGroup;
			children = (
				425BCFDB18619B4D00E00962 /* TestRunner */,
				42A29B111855854500B835BE /* TestSuite */,
				427CF15B185027E000B40A9A /* CocoaAsyncSocket */,
				429DAB32184C2DF700A4FDCE /* FeatureFinder */,
				4271FA33184739F800EF87D0 /* Base64 */,
				4251762D184481E000C3D08D /* DataModel */,
				425176221844816300C3D08D /* JSONKit */,
				42C0FE04183B4A2F004094FD /* ARDocument.h */,
				42C0FE05183B4A2F004094FD /* ARDocument.m */,
				42C0FE07183B4A2F004094FD /* ARDocument.xib */,
				42A29B1818559B4300B835BE /* ARTestEngine.h */,
				42A29B1918559B4300B835BE /* ARTestEngine.m */,
				423AA87D184DDB2700E3F9DC /* ARImageView.h */,
				423AA87E184DDB2700E3F9DC /* ARImageView.m */,
				4230A768185EF00C006D865F /* ARCollectionView.h */,
				4230A769185EF00C006D865F /* ARCollectionView.m */,
				4230A76B185F0626006D865F /* ARCollectionItemView.h */,
				4230A76C185F0626006D865F /* ARCollectionItemView.m */,
				4230A76E185F06B6006D865F /* ARCollectionItem.h */,
				4230A76F185F06B6006D865F /* ARCollectionItem.m */,
				42C0FE0A183B4A2F004094FD /* MainMenu.xib */,
				42C0FE0D183B4A2F004094FD /* Images.xcassets */,
				42C0FDF9183B4A2F004094FD /* Supporting Files */,
			);
			path = AmazingRobo;
			sourceTree = "<group>";
		};
		42C0FDF9183B4A2F004094FD /* Supporting Files */ = {
			isa = PBXGroup;
			children = (
				42C0FDFA183B4A2F004094FD /* AmazingRobo-Info.plist */,
				42C0FDFB183B4A2F004094FD /* InfoPlist.strings */,
				42C0FDFE183B4A2F004094FD /* main.m */,
				42C0FE00183B4A2F004094FD /* AmazingRobo-Prefix.pch */,
				42C0FE01183B4A2F004094FD /* Credits.rtf */,
			);
			name = "Supporting Files";
			sourceTree = "<group>";
		};
		42C0FE19183B4A2F004094FD /* AmazingRoboTests */ = {
			isa = PBXGroup;
			children = (
				42C0FE1F183B4A2F004094FD /* AmazingRoboTests.m */,
				42C0FE1A183B4A2F004094FD /* Supporting Files */,
			);
			path = AmazingRoboTests;
			sourceTree = "<group>";
		};
		42C0FE1A183B4A2F004094FD /* Supporting Files */ = {
			isa = PBXGroup;
			children = (
				42C0FE1B183B4A2F004094FD /* AmazingRoboTests-Info.plist */,
				42C0FE1C183B4A2F004094FD /* InfoPlist.strings */,
			);
			name = "Supporting Files";
			sourceTree = "<group>";
		};
/* End PBXGroup section */

/* Begin PBXNativeTarget section */
		42C0FDEE183B4A2F004094FD /* AmazingRobo */ = {
			isa = PBXNativeTarget;
			buildConfigurationList = 42C0FE23183B4A2F004094FD /* Build configuration list for PBXNativeTarget "AmazingRobo" */;
			buildPhases = (
				42C0FDEB183B4A2F004094FD /* Sources */,
				42C0FDEC183B4A2F004094FD /* Frameworks */,
				42C0FDED183B4A2F004094FD /* Resources */,
			);
			buildRules = (
			);
			dependencies = (
			);
			name = AmazingRobo;
			productName = AmazingRobo;
			productReference = 42C0FDEF183B4A2F004094FD /* AmazingRobo.app */;
			productType = "com.apple.product-type.application";
		};
		42C0FE12183B4A2F004094FD /* AmazingRoboTests */ = {
			isa = PBXNativeTarget;
			buildConfigurationList = 42C0FE26183B4A2F004094FD /* Build configuration list for PBXNativeTarget "AmazingRoboTests" */;
			buildPhases = (
				42C0FE0F183B4A2F004094FD /* Sources */,
				42C0FE10183B4A2F004094FD /* Frameworks */,
				42C0FE11183B4A2F004094FD /* Resources */,
			);
			buildRules = (
			);
			dependencies = (
				42C0FE18183B4A2F004094FD /* PBXTargetDependency */,
			);
			name = AmazingRoboTests;
			productName = AmazingRoboTests;
			productReference = 42C0FE13183B4A2F004094FD /* AmazingRoboTests.xctest */;
			productType = "com.apple.product-type.bundle.unit-test";
		};
/* End PBXNativeTarget section */

/* Begin PBXProject section */
		42C0FDE7183B4A2F004094FD /* Project object */ = {
			isa = PBXProject;
			attributes = {
				CLASSPREFIX = AR;
				LastUpgradeCheck = 0500;
				ORGANIZATIONNAME = DeanXu;
				TargetAttributes = {
					42C0FE12183B4A2F004094FD = {
						TestTargetID = 42C0FDEE183B4A2F004094FD;
					};
				};
			};
			buildConfigurationList = 42C0FDEA183B4A2F004094FD /* Build configuration list for PBXProject "AmazingRobo" */;
			compatibilityVersion = "Xcode 3.2";
			developmentRegion = English;
			hasScannedForEncodings = 0;
			knownRegions = (
				en,
				Base,
				English,
			);
			mainGroup = 42C0FDE6183B4A2F004094FD;
			productRefGroup = 42C0FDF0183B4A2F004094FD /* Products */;
			projectDirPath = "";
			projectRoot = "";
			targets = (
				42C0FDEE183B4A2F004094FD /* AmazingRobo */,
				42C0FE12183B4A2F004094FD /* AmazingRoboTests */,
			);
		};
/* End PBXProject section */

/* Begin PBXResourcesBuildPhase section */
		42C0FDED183B4A2F004094FD /* Resources */ = {
			isa = PBXResourcesBuildPhase;
			buildActionMask = 2147483647;
			files = (
				427CF2F1185027E200B40A9A /* README.markdown in Resources */,
				42C0FDFD183B4A2F004094FD /* InfoPlist.strings in Resources */,
				427CF2F4185027E200B40A9A /* Documentation.html in Resources */,
				427CF299185027E200B40A9A /* Documentation.html in Resources */,
				42C0FE0E183B4A2F004094FD /* Images.xcassets in Resources */,
				427CF298185027E200B40A9A /* CocoaAsyncSocket.podspec in Resources */,
				42C0FE03183B4A2F004094FD /* Credits.rtf in Resources */,
				42C0FE09183B4A2F004094FD /* ARDocument.xib in Resources */,
				42C0FE0C183B4A2F004094FD /* MainMenu.xib in Resources */,
				427CF315185027E200B40A9A /* README.txt in Resources */,
				427CF297185027E200B40A9A /* .gitignore in Resources */,
			);
			runOnlyForDeploymentPostprocessing = 0;
		};
		42C0FE11183B4A2F004094FD /* Resources */ = {
			isa = PBXResourcesBuildPhase;
			buildActionMask = 2147483647;
			files = (
				42C0FE1E183B4A2F004094FD /* InfoPlist.strings in Resources */,
			);
			runOnlyForDeploymentPostprocessing = 0;
		};
/* End PBXResourcesBuildPhase section */

/* Begin PBXSourcesBuildPhase section */
		42C0FDEB183B4A2F004094FD /* Sources */ = {
			isa = PBXSourcesBuildPhase;
			buildActionMask = 2147483647;
			files = (
				427CF311185027E200B40A9A /* DDLog.m in Sources */,
				427CF314185027E200B40A9A /* DispatchQueueLogFormatter.m in Sources */,
				427CF29A185027E200B40A9A /* GCDAsyncSocket.m in Sources */,
				427CF2F2185027E200B40A9A /* AsyncSocket.m in Sources */,
				42362D4A184C633B00649DDD /* NSImage+OpenCV.mm in Sources */,
				427CF313185027E200B40A9A /* ContextFilterLogFormatter.m in Sources */,
				427CF30E185027E200B40A9A /* DDAbstractDatabaseLogger.m in Sources */,
				427CF2F3185027E200B40A9A /* AsyncUdpSocket.m in Sources */,
				427CF312185027E200B40A9A /* DDTTYLogger.m in Sources */,
				4271FA36184739F800EF87D0 /* Base64.m in Sources */,
				425BCFDE18619B5B00E00962 /* ARTestRunner.m in Sources */,
				42362D47184C5EE400649DDD /* DXFeatureFinder.mm in Sources */,
				4230A770185F06B6006D865F /* ARCollectionItem.m in Sources */,
				427CF310185027E200B40A9A /* DDFileLogger.m in Sources */,
				4230A76A185EF00C006D865F /* ARCollectionView.m in Sources */,
				42A29B141855855100B835BE /* ARTestSuite.m in Sources */,
				42C0FE06183B4A2F004094FD /* ARDocument.m in Sources */,
				42C0FDFF183B4A2F004094FD /* main.m in Sources */,
				42A29B171855968300B835BE /* XcfHomeTestSuite.m in Sources */,
				42517630184481E000C3D08D /* DXTouchCommand.m in Sources */,
				42479F821862D34E0024380C /* ARLeftTestSuite.m in Sources */,
				4230A76D185F0626006D865F /* ARCollectionItemView.m in Sources */,
				423AA87F184DDB2700E3F9DC /* ARImageView.m in Sources */,
				427CF29B185027E200B40A9A /* GCDAsyncUdpSocket.m in Sources */,
				42A29B1A18559B4300B835BE /* ARTestEngine.m in Sources */,
				427CF30F185027E200B40A9A /* DDASLLogger.m in Sources */,
				425176281844816300C3D08D /* JSONKit.m in Sources */,
			);
			runOnlyForDeploymentPostprocessing = 0;
		};
		42C0FE0F183B4A2F004094FD /* Sources */ = {
			isa = PBXSourcesBuildPhase;
			buildActionMask = 2147483647;
			files = (
				42C0FE20183B4A2F004094FD /* AmazingRoboTests.m in Sources */,
			);
			runOnlyForDeploymentPostprocessing = 0;
		};
/* End PBXSourcesBuildPhase section */

/* Begin PBXTargetDependency section */
		42C0FE18183B4A2F004094FD /* PBXTargetDependency */ = {
			isa = PBXTargetDependency;
			target = 42C0FDEE183B4A2F004094FD /* AmazingRobo */;
			targetProxy = 42C0FE17183B4A2F004094FD /* PBXContainerItemProxy */;
		};
/* End PBXTargetDependency section */

/* Begin PBXVariantGroup section */
		42C0FDFB183B4A2F004094FD /* InfoPlist.strings */ = {
			isa = PBXVariantGroup;
			children = (
				42C0FDFC183B4A2F004094FD /* en */,
			);
			name = InfoPlist.strings;
			sourceTree = "<group>";
		};
		42C0FE01183B4A2F004094FD /* Credits.rtf */ = {
			isa = PBXVariantGroup;
			children = (
				42C0FE02183B4A2F004094FD /* en */,
			);
			name = Credits.rtf;
			sourceTree = "<group>";
		};
		42C0FE07183B4A2F004094FD /* ARDocument.xib */ = {
			isa = PBXVariantGroup;
			children = (
				42C0FE08183B4A2F004094FD /* Base */,
			);
			name = ARDocument.xib;
			sourceTree = "<group>";
		};
		42C0FE0A183B4A2F004094FD /* MainMenu.xib */ = {
			isa = PBXVariantGroup;
			children = (
				42C0FE0B183B4A2F004094FD /* Base */,
			);
			name = MainMenu.xib;
			sourceTree = "<group>";
		};
		42C0FE1C183B4A2F004094FD /* InfoPlist.strings */ = {
			isa = PBXVariantGroup;
			children = (
				42C0FE1D183B4A2F004094FD /* en */,
			);
			name = InfoPlist.strings;
			sourceTree = "<group>";
		};
/* End PBXVariantGroup section */

/* Begin XCBuildConfiguration section */
		42C0FE21183B4A2F004094FD /* Debug */ = {
			isa = XCBuildConfiguration;
			buildSettings = {
				ALWAYS_SEARCH_USER_PATHS = NO;
				CLANG_CXX_LANGUAGE_STANDARD = "gnu++0x";
				CLANG_CXX_LIBRARY = "libc++";
				CLANG_ENABLE_OBJC_ARC = YES;
				CLANG_WARN_BOOL_CONVERSION = YES;
				CLANG_WARN_CONSTANT_CONVERSION = YES;
				CLANG_WARN_DIRECT_OBJC_ISA_USAGE = YES_ERROR;
				CLANG_WARN_EMPTY_BODY = YES;
				CLANG_WARN_ENUM_CONVERSION = YES;
				CLANG_WARN_INT_CONVERSION = YES;
				CLANG_WARN_OBJC_ROOT_CLASS = YES_ERROR;
				CLANG_WARN__DUPLICATE_METHOD_MATCH = YES;
				COPY_PHASE_STRIP = NO;
				GCC_C_LANGUAGE_STANDARD = gnu99;
				GCC_DYNAMIC_NO_PIC = NO;
				GCC_ENABLE_OBJC_EXCEPTIONS = YES;
				GCC_OPTIMIZATION_LEVEL = 0;
				GCC_PREPROCESSOR_DEFINITIONS = (
					"DEBUG=1",
					"$(inherited)",
				);
				GCC_SYMBOLS_PRIVATE_EXTERN = NO;
				GCC_WARN_64_TO_32_BIT_CONVERSION = YES;
				GCC_WARN_ABOUT_RETURN_TYPE = YES_ERROR;
				GCC_WARN_UNDECLARED_SELECTOR = YES;
				GCC_WARN_UNINITIALIZED_AUTOS = YES;
				GCC_WARN_UNUSED_FUNCTION = YES;
				GCC_WARN_UNUSED_VARIABLE = YES;
				MACOSX_DEPLOYMENT_TARGET = 10.9;
				ONLY_ACTIVE_ARCH = YES;
				SDKROOT = macosx;
			};
			name = Debug;
		};
		42C0FE22183B4A2F004094FD /* Release */ = {
			isa = XCBuildConfiguration;
			buildSettings = {
				ALWAYS_SEARCH_USER_PATHS = NO;
				CLANG_CXX_LANGUAGE_STANDARD = "gnu++0x";
				CLANG_CXX_LIBRARY = "libc++";
				CLANG_ENABLE_OBJC_ARC = YES;
				CLANG_WARN_BOOL_CONVERSION = YES;
				CLANG_WARN_CONSTANT_CONVERSION = YES;
				CLANG_WARN_DIRECT_OBJC_ISA_USAGE = YES_ERROR;
				CLANG_WARN_EMPTY_BODY = YES;
				CLANG_WARN_ENUM_CONVERSION = YES;
				CLANG_WARN_INT_CONVERSION = YES;
				CLANG_WARN_OBJC_ROOT_CLASS = YES_ERROR;
				CLANG_WARN__DUPLICATE_METHOD_MATCH = YES;
				COPY_PHASE_STRIP = YES;
				DEBUG_INFORMATION_FORMAT = "dwarf-with-dsym";
				ENABLE_NS_ASSERTIONS = NO;
				GCC_C_LANGUAGE_STANDARD = gnu99;
				GCC_ENABLE_OBJC_EXCEPTIONS = YES;
				GCC_WARN_64_TO_32_BIT_CONVERSION = YES;
				GCC_WARN_ABOUT_RETURN_TYPE = YES_ERROR;
				GCC_WARN_UNDECLARED_SELECTOR = YES;
				GCC_WARN_UNINITIALIZED_AUTOS = YES;
				GCC_WARN_UNUSED_FUNCTION = YES;
				GCC_WARN_UNUSED_VARIABLE = YES;
				MACOSX_DEPLOYMENT_TARGET = 10.9;
				SDKROOT = macosx;
			};
			name = Release;
		};
		42C0FE24183B4A2F004094FD /* Debug */ = {
			isa = XCBuildConfiguration;
			buildSettings = {
				ARCHS = "$(ARCHS_STANDARD)";
				ASSETCATALOG_COMPILER_APPICON_NAME = AppIcon;
				COMBINE_HIDPI_IMAGES = YES;
				GCC_PRECOMPILE_PREFIX_HEADER = YES;
				GCC_PREFIX_HEADER = "AmazingRobo/AmazingRobo-Prefix.pch";
				GCC_VERSION = "";
				HEADER_SEARCH_PATHS = (
					"$(inherited)",
					/Applications/Xcode.app/Contents/Developer/Toolchains/XcodeDefault.xctoolchain/usr/include,
					/usr/local/include,
				);
				INFOPLIST_FILE = "AmazingRobo/AmazingRobo-Info.plist";
				LIBRARY_SEARCH_PATHS = (
					/usr/local/lib,
					"/Users/xudong/Downloads/opencv-2.4.7/release/lib",
				);
				MACOSX_DEPLOYMENT_TARGET = 10.9;
				ONLY_ACTIVE_ARCH = YES;
				PRODUCT_NAME = "$(TARGET_NAME)";
				WRAPPER_EXTENSION = app;
			};
			name = Debug;
		};
		42C0FE25183B4A2F004094FD /* Release */ = {
			isa = XCBuildConfiguration;
			buildSettings = {
				ARCHS = "$(ARCHS_STANDARD)";
				ASSETCATALOG_COMPILER_APPICON_NAME = AppIcon;
				COMBINE_HIDPI_IMAGES = YES;
				GCC_PRECOMPILE_PREFIX_HEADER = YES;
				GCC_PREFIX_HEADER = "AmazingRobo/AmazingRobo-Prefix.pch";
				GCC_VERSION = "";
				HEADER_SEARCH_PATHS = (
					"$(inherited)",
					/Applications/Xcode.app/Contents/Developer/Toolchains/XcodeDefault.xctoolchain/usr/include,
					/usr/local/include,
				);
				INFOPLIST_FILE = "AmazingRobo/AmazingRobo-Info.plist";
				LIBRARY_SEARCH_PATHS = (
					/usr/local/lib,
					"/Users/xudong/Downloads/opencv-2.4.7/release/lib",
				);
				MACOSX_DEPLOYMENT_TARGET = 10.9;
				ONLY_ACTIVE_ARCH = NO;
				PRODUCT_NAME = "$(TARGET_NAME)";
				WRAPPER_EXTENSION = app;
			};
			name = Release;
		};
		42C0FE27183B4A2F004094FD /* Debug */ = {
			isa = XCBuildConfiguration;
			buildSettings = {
				BUNDLE_LOADER = "$(BUILT_PRODUCTS_DIR)/AmazingRobo.app/Contents/MacOS/AmazingRobo";
				COMBINE_HIDPI_IMAGES = YES;
				FRAMEWORK_SEARCH_PATHS = (
					"$(DEVELOPER_FRAMEWORKS_DIR)",
					"$(inherited)",
				);
				GCC_PRECOMPILE_PREFIX_HEADER = YES;
				GCC_PREFIX_HEADER = "AmazingRobo/AmazingRobo-Prefix.pch";
				GCC_PREPROCESSOR_DEFINITIONS = (
					"DEBUG=1",
					"$(inherited)",
				);
				INFOPLIST_FILE = "AmazingRoboTests/AmazingRoboTests-Info.plist";
				PRODUCT_NAME = "$(TARGET_NAME)";
				TEST_HOST = "$(BUNDLE_LOADER)";
				WRAPPER_EXTENSION = xctest;
			};
			name = Debug;
		};
		42C0FE28183B4A2F004094FD /* Release */ = {
			isa = XCBuildConfiguration;
			buildSettings = {
				BUNDLE_LOADER = "$(BUILT_PRODUCTS_DIR)/AmazingRobo.app/Contents/MacOS/AmazingRobo";
				COMBINE_HIDPI_IMAGES = YES;
				FRAMEWORK_SEARCH_PATHS = (
					"$(DEVELOPER_FRAMEWORKS_DIR)",
					"$(inherited)",
				);
				GCC_PRECOMPILE_PREFIX_HEADER = YES;
				GCC_PREFIX_HEADER = "AmazingRobo/AmazingRobo-Prefix.pch";
				INFOPLIST_FILE = "AmazingRoboTests/AmazingRoboTests-Info.plist";
				PRODUCT_NAME = "$(TARGET_NAME)";
				TEST_HOST = "$(BUNDLE_LOADER)";
				WRAPPER_EXTENSION = xctest;
			};
			name = Release;
		};
/* End XCBuildConfiguration section */

/* Begin XCConfigurationList section */
		42C0FDEA183B4A2F004094FD /* Build configuration list for PBXProject "AmazingRobo" */ = {
			isa = XCConfigurationList;
			buildConfigurations = (
				42C0FE21183B4A2F004094FD /* Debug */,
				42C0FE22183B4A2F004094FD /* Release */,
			);
			defaultConfigurationIsVisible = 0;
			defaultConfigurationName = Release;
		};
		42C0FE23183B4A2F004094FD /* Build configuration list for PBXNativeTarget "AmazingRobo" */ = {
			isa = XCConfigurationList;
			buildConfigurations = (
				42C0FE24183B4A2F004094FD /* Debug */,
				42C0FE25183B4A2F004094FD /* Release */,
			);
			defaultConfigurationIsVisible = 0;
			defaultConfigurationName = Release;
		};
		42C0FE26183B4A2F004094FD /* Build configuration list for PBXNativeTarget "AmazingRoboTests" */ = {
			isa = XCConfigurationList;
			buildConfigurations = (
				42C0FE27183B4A2F004094FD /* Debug */,
				42C0FE28183B4A2F004094FD /* Release */,
			);
			defaultConfigurationIsVisible = 0;
			defaultConfigurationName = Release;
		};
/* End XCConfigurationList section */
	};
	rootObject = 42C0FDE7183B4A2F004094FD /* Project object */;
}
