// !$*UTF8*$!
{
	archiveVersion = 1;
	classes = {
	};
	objectVersion = 46;
	objects = {

/* Begin PBXBuildFile section */
		425176281844816300C3D08D /* JSONKit.m in Sources */ = {isa = PBXBuildFile; fileRef = 425176251844816300C3D08D /* JSONKit.m */; settings = {COMPILER_FLAGS = "-fno-objc-arc"; }; };
		42517630184481E000C3D08D /* DXTouchCommand.m in Sources */ = {isa = PBXBuildFile; fileRef = 4251762F184481E000C3D08D /* DXTouchCommand.m */; };
		42B0272A1843593A00ED40B4 /* DXTCPServer.m in Sources */ = {isa = PBXBuildFile; fileRef = 42B027271843593A00ED40B4 /* DXTCPServer.m */; };
		42B0272B1843593A00ED40B4 /* QServer.m in Sources */ = {isa = PBXBuildFile; fileRef = 42B027291843593A00ED40B4 /* QServer.m */; };
		42C0FDF3183B4A2F004094FD /* Cocoa.framework in Frameworks */ = {isa = PBXBuildFile; fileRef = 42C0FDF2183B4A2F004094FD /* Cocoa.framework */; };
		42C0FDFD183B4A2F004094FD /* InfoPlist.strings in Resources */ = {isa = PBXBuildFile; fileRef = 42C0FDFB183B4A2F004094FD /* InfoPlist.strings */; };
		42C0FDFF183B4A2F004094FD /* main.m in Sources */ = {isa = PBXBuildFile; fileRef = 42C0FDFE183B4A2F004094FD /* main.m */; };
		42C0FE03183B4A2F004094FD /* Credits.rtf in Resources */ = {isa = PBXBuildFile; fileRef = 42C0FE01183B4A2F004094FD /* Credits.rtf */; };
		42C0FE06183B4A2F004094FD /* DXDocument.m in Sources */ = {isa = PBXBuildFile; fileRef = 42C0FE05183B4A2F004094FD /* DXDocument.m */; };
		42C0FE09183B4A2F004094FD /* DXDocument.xib in Resources */ = {isa = PBXBuildFile; fileRef = 42C0FE07183B4A2F004094FD /* DXDocument.xib */; };
		42C0FE0C183B4A2F004094FD /* MainMenu.xib in Resources */ = {isa = PBXBuildFile; fileRef = 42C0FE0A183B4A2F004094FD /* MainMenu.xib */; };
		42C0FE0E183B4A2F004094FD /* Images.xcassets in Resources */ = {isa = PBXBuildFile; fileRef = 42C0FE0D183B4A2F004094FD /* Images.xcassets */; };
		42C0FE15183B4A2F004094FD /* XCTest.framework in Frameworks */ = {isa = PBXBuildFile; fileRef = 42C0FE14183B4A2F004094FD /* XCTest.framework */; };
		42C0FE16183B4A2F004094FD /* Cocoa.framework in Frameworks */ = {isa = PBXBuildFile; fileRef = 42C0FDF2183B4A2F004094FD /* Cocoa.framework */; };
		42C0FE1E183B4A2F004094FD /* InfoPlist.strings in Resources */ = {isa = PBXBuildFile; fileRef = 42C0FE1C183B4A2F004094FD /* InfoPlist.strings */; };
		42C0FE20183B4A2F004094FD /* AmazingRoboTests.m in Sources */ = {isa = PBXBuildFile; fileRef = 42C0FE1F183B4A2F004094FD /* AmazingRoboTests.m */; };
/* End PBXBuildFile section */

/* Begin PBXContainerItemProxy section */
		42C0FE17183B4A2F004094FD /* PBXContainerItemProxy */ = {
			isa = PBXContainerItemProxy;
			containerPortal = 42C0FDE7183B4A2F004094FD /* Project object */;
			proxyType = 1;
			remoteGlobalIDString = 42C0FDEE183B4A2F004094FD;
			remoteInfo = AmazingRobo;
		};
/* End PBXContainerItemProxy section */

/* Begin PBXFileReference section */
		425176241844816300C3D08D /* JSONKit.h */ = {isa = PBXFileReference; fileEncoding = 4; lastKnownFileType = sourcecode.c.h; path = JSONKit.h; sourceTree = "<group>"; };
		425176251844816300C3D08D /* JSONKit.m */ = {isa = PBXFileReference; fileEncoding = 4; lastKnownFileType = sourcecode.c.objc; path = JSONKit.m; sourceTree = "<group>"; };
		4251762E184481E000C3D08D /* DXTouchCommand.h */ = {isa = PBXFileReference; fileEncoding = 4; lastKnownFileType = sourcecode.c.h; path = DXTouchCommand.h; sourceTree = "<group>"; };
		4251762F184481E000C3D08D /* DXTouchCommand.m */ = {isa = PBXFileReference; fileEncoding = 4; lastKnownFileType = sourcecode.c.objc; path = DXTouchCommand.m; sourceTree = "<group>"; };
		42B027261843593A00ED40B4 /* DXTCPServer.h */ = {isa = PBXFileReference; fileEncoding = 4; lastKnownFileType = sourcecode.c.h; path = DXTCPServer.h; sourceTree = "<group>"; };
		42B027271843593A00ED40B4 /* DXTCPServer.m */ = {isa = PBXFileReference; fileEncoding = 4; lastKnownFileType = sourcecode.c.objc; path = DXTCPServer.m; sourceTree = "<group>"; };
		42B027281843593A00ED40B4 /* QServer.h */ = {isa = PBXFileReference; fileEncoding = 4; lastKnownFileType = sourcecode.c.h; path = QServer.h; sourceTree = "<group>"; };
		42B027291843593A00ED40B4 /* QServer.m */ = {isa = PBXFileReference; fileEncoding = 4; lastKnownFileType = sourcecode.c.objc; path = QServer.m; sourceTree = "<group>"; };
		42C0FDEF183B4A2F004094FD /* AmazingRobo.app */ = {isa = PBXFileReference; explicitFileType = wrapper.application; includeInIndex = 0; path = AmazingRobo.app; sourceTree = BUILT_PRODUCTS_DIR; };
		42C0FDF2183B4A2F004094FD /* Cocoa.framework */ = {isa = PBXFileReference; lastKnownFileType = wrapper.framework; name = Cocoa.framework; path = System/Library/Frameworks/Cocoa.framework; sourceTree = SDKROOT; };
		42C0FDF5183B4A2F004094FD /* AppKit.framework */ = {isa = PBXFileReference; lastKnownFileType = wrapper.framework; name = AppKit.framework; path = System/Library/Frameworks/AppKit.framework; sourceTree = SDKROOT; };
		42C0FDF6183B4A2F004094FD /* CoreData.framework */ = {isa = PBXFileReference; lastKnownFileType = wrapper.framework; name = CoreData.framework; path = System/Library/Frameworks/CoreData.framework; sourceTree = SDKROOT; };
		42C0FDF7183B4A2F004094FD /* Foundation.framework */ = {isa = PBXFileReference; lastKnownFileType = wrapper.framework; name = Foundation.framework; path = System/Library/Frameworks/Foundation.framework; sourceTree = SDKROOT; };
		42C0FDFA183B4A2F004094FD /* AmazingRobo-Info.plist */ = {isa = PBXFileReference; lastKnownFileType = text.plist.xml; path = "AmazingRobo-Info.plist"; sourceTree = "<group>"; };
		42C0FDFC183B4A2F004094FD /* en */ = {isa = PBXFileReference; lastKnownFileType = text.plist.strings; name = en; path = en.lproj/InfoPlist.strings; sourceTree = "<group>"; };
		42C0FDFE183B4A2F004094FD /* main.m */ = {isa = PBXFileReference; lastKnownFileType = sourcecode.c.objc; path = main.m; sourceTree = "<group>"; };
		42C0FE00183B4A2F004094FD /* AmazingRobo-Prefix.pch */ = {isa = PBXFileReference; lastKnownFileType = sourcecode.c.h; path = "AmazingRobo-Prefix.pch"; sourceTree = "<group>"; };
		42C0FE02183B4A2F004094FD /* en */ = {isa = PBXFileReference; lastKnownFileType = text.rtf; name = en; path = en.lproj/Credits.rtf; sourceTree = "<group>"; };
		42C0FE04183B4A2F004094FD /* DXDocument.h */ = {isa = PBXFileReference; lastKnownFileType = sourcecode.c.h; path = DXDocument.h; sourceTree = "<group>"; };
		42C0FE05183B4A2F004094FD /* DXDocument.m */ = {isa = PBXFileReference; lastKnownFileType = sourcecode.c.objc; path = DXDocument.m; sourceTree = "<group>"; };
		42C0FE08183B4A2F004094FD /* Base */ = {isa = PBXFileReference; lastKnownFileType = file.xib; name = Base; path = Base.lproj/DXDocument.xib; sourceTree = "<group>"; };
		42C0FE0B183B4A2F004094FD /* Base */ = {isa = PBXFileReference; lastKnownFileType = file.xib; name = Base; path = Base.lproj/MainMenu.xib; sourceTree = "<group>"; };
		42C0FE0D183B4A2F004094FD /* Images.xcassets */ = {isa = PBXFileReference; lastKnownFileType = folder.assetcatalog; path = Images.xcassets; sourceTree = "<group>"; };
		42C0FE13183B4A2F004094FD /* AmazingRoboTests.xctest */ = {isa = PBXFileReference; explicitFileType = wrapper.cfbundle; includeInIndex = 0; path = AmazingRoboTests.xctest; sourceTree = BUILT_PRODUCTS_DIR; };
		42C0FE14183B4A2F004094FD /* XCTest.framework */ = {isa = PBXFileReference; lastKnownFileType = wrapper.framework; name = XCTest.framework; path = Library/Frameworks/XCTest.framework; sourceTree = DEVELOPER_DIR; };
		42C0FE1B183B4A2F004094FD /* AmazingRoboTests-Info.plist */ = {isa = PBXFileReference; lastKnownFileType = text.plist.xml; path = "AmazingRoboTests-Info.plist"; sourceTree = "<group>"; };
		42C0FE1D183B4A2F004094FD /* en */ = {isa = PBXFileReference; lastKnownFileType = text.plist.strings; name = en; path = en.lproj/InfoPlist.strings; sourceTree = "<group>"; };
		42C0FE1F183B4A2F004094FD /* AmazingRoboTests.m */ = {isa = PBXFileReference; lastKnownFileType = sourcecode.c.objc; path = AmazingRoboTests.m; sourceTree = "<group>"; };
/* End PBXFileReference section */

/* Begin PBXFrameworksBuildPhase section */
		42C0FDEC183B4A2F004094FD /* Frameworks */ = {
			isa = PBXFrameworksBuildPhase;
			buildActionMask = 2147483647;
			files = (
				42C0FDF3183B4A2F004094FD /* Cocoa.framework in Frameworks */,
			);
			runOnlyForDeploymentPostprocessing = 0;
		};
		42C0FE10183B4A2F004094FD /* Frameworks */ = {
			isa = PBXFrameworksBuildPhase;
			buildActionMask = 2147483647;
			files = (
				42C0FE16183B4A2F004094FD /* Cocoa.framework in Frameworks */,
				42C0FE15183B4A2F004094FD /* XCTest.framework in Frameworks */,
			);
			runOnlyForDeploymentPostprocessing = 0;
		};
/* End PBXFrameworksBuildPhase section */

/* Begin PBXGroup section */
		425176221844816300C3D08D /* JSONKit */ = {
			isa = PBXGroup;
			children = (
				425176241844816300C3D08D /* JSONKit.h */,
				425176251844816300C3D08D /* JSONKit.m */,
			);
			path = JSONKit;
			sourceTree = "<group>";
		};
		4251762D184481E000C3D08D /* DataModel */ = {
			isa = PBXGroup;
			children = (
				4251762E184481E000C3D08D /* DXTouchCommand.h */,
				4251762F184481E000C3D08D /* DXTouchCommand.m */,
			);
			path = DataModel;
			sourceTree = "<group>";
		};
		42B027251843593A00ED40B4 /* TCPServer */ = {
			isa = PBXGroup;
			children = (
				42B027261843593A00ED40B4 /* DXTCPServer.h */,
				42B027271843593A00ED40B4 /* DXTCPServer.m */,
				42B027281843593A00ED40B4 /* QServer.h */,
				42B027291843593A00ED40B4 /* QServer.m */,
			);
			path = TCPServer;
			sourceTree = "<group>";
		};
		42C0FDE6183B4A2F004094FD = {
			isa = PBXGroup;
			children = (
				42C0FDF8183B4A2F004094FD /* AmazingRobo */,
				42C0FE19183B4A2F004094FD /* AmazingRoboTests */,
				42C0FDF1183B4A2F004094FD /* Frameworks */,
				42C0FDF0183B4A2F004094FD /* Products */,
			);
			sourceTree = "<group>";
		};
		42C0FDF0183B4A2F004094FD /* Products */ = {
			isa = PBXGroup;
			children = (
				42C0FDEF183B4A2F004094FD /* AmazingRobo.app */,
				42C0FE13183B4A2F004094FD /* AmazingRoboTests.xctest */,
			);
			name = Products;
			sourceTree = "<group>";
		};
		42C0FDF1183B4A2F004094FD /* Frameworks */ = {
			isa = PBXGroup;
			children = (
				42C0FDF2183B4A2F004094FD /* Cocoa.framework */,
				42C0FE14183B4A2F004094FD /* XCTest.framework */,
				42C0FDF4183B4A2F004094FD /* Other Frameworks */,
			);
			name = Frameworks;
			sourceTree = "<group>";
		};
		42C0FDF4183B4A2F004094FD /* Other Frameworks */ = {
			isa = PBXGroup;
			children = (
				42C0FDF5183B4A2F004094FD /* AppKit.framework */,
				42C0FDF6183B4A2F004094FD /* CoreData.framework */,
				42C0FDF7183B4A2F004094FD /* Foundation.framework */,
			);
			name = "Other Frameworks";
			sourceTree = "<group>";
		};
		42C0FDF8183B4A2F004094FD /* AmazingRobo */ = {
			isa = PBXGroup;
			children = (
				4251762D184481E000C3D08D /* DataModel */,
				425176221844816300C3D08D /* JSONKit */,
				42B027251843593A00ED40B4 /* TCPServer */,
				42C0FE04183B4A2F004094FD /* DXDocument.h */,
				42C0FE05183B4A2F004094FD /* DXDocument.m */,
				42C0FE07183B4A2F004094FD /* DXDocument.xib */,
				42C0FE0A183B4A2F004094FD /* MainMenu.xib */,
				42C0FE0D183B4A2F004094FD /* Images.xcassets */,
				42C0FDF9183B4A2F004094FD /* Supporting Files */,
			);
			path = AmazingRobo;
			sourceTree = "<group>";
		};
		42C0FDF9183B4A2F004094FD /* Supporting Files */ = {
			isa = PBXGroup;
			children = (
				42C0FDFA183B4A2F004094FD /* AmazingRobo-Info.plist */,
				42C0FDFB183B4A2F004094FD /* InfoPlist.strings */,
				42C0FDFE183B4A2F004094FD /* main.m */,
				42C0FE00183B4A2F004094FD /* AmazingRobo-Prefix.pch */,
				42C0FE01183B4A2F004094FD /* Credits.rtf */,
			);
			name = "Supporting Files";
			sourceTree = "<group>";
		};
		42C0FE19183B4A2F004094FD /* AmazingRoboTests */ = {
			isa = PBXGroup;
			children = (
				42C0FE1F183B4A2F004094FD /* AmazingRoboTests.m */,
				42C0FE1A183B4A2F004094FD /* Supporting Files */,
			);
			path = AmazingRoboTests;
			sourceTree = "<group>";
		};
		42C0FE1A183B4A2F004094FD /* Supporting Files */ = {
			isa = PBXGroup;
			children = (
				42C0FE1B183B4A2F004094FD /* AmazingRoboTests-Info.plist */,
				42C0FE1C183B4A2F004094FD /* InfoPlist.strings */,
			);
			name = "Supporting Files";
			sourceTree = "<group>";
		};
/* End PBXGroup section */

/* Begin PBXNativeTarget section */
		42C0FDEE183B4A2F004094FD /* AmazingRobo */ = {
			isa = PBXNativeTarget;
			buildConfigurationList = 42C0FE23183B4A2F004094FD /* Build configuration list for PBXNativeTarget "AmazingRobo" */;
			buildPhases = (
				42C0FDEB183B4A2F004094FD /* Sources */,
				42C0FDEC183B4A2F004094FD /* Frameworks */,
				42C0FDED183B4A2F004094FD /* Resources */,
			);
			buildRules = (
			);
			dependencies = (
			);
			name = AmazingRobo;
			productName = AmazingRobo;
			productReference = 42C0FDEF183B4A2F004094FD /* AmazingRobo.app */;
			productType = "com.apple.product-type.application";
		};
		42C0FE12183B4A2F004094FD /* AmazingRoboTests */ = {
			isa = PBXNativeTarget;
			buildConfigurationList = 42C0FE26183B4A2F004094FD /* Build configuration list for PBXNativeTarget "AmazingRoboTests" */;
			buildPhases = (
				42C0FE0F183B4A2F004094FD /* Sources */,
				42C0FE10183B4A2F004094FD /* Frameworks */,
				42C0FE11183B4A2F004094FD /* Resources */,
			);
			buildRules = (
			);
			dependencies = (
				42C0FE18183B4A2F004094FD /* PBXTargetDependency */,
			);
			name = AmazingRoboTests;
			productName = AmazingRoboTests;
			productReference = 42C0FE13183B4A2F004094FD /* AmazingRoboTests.xctest */;
			productType = "com.apple.product-type.bundle.unit-test";
		};
/* End PBXNativeTarget section */

/* Begin PBXProject section */
		42C0FDE7183B4A2F004094FD /* Project object */ = {
			isa = PBXProject;
			attributes = {
				CLASSPREFIX = DX;
				LastUpgradeCheck = 0500;
				ORGANIZATIONNAME = DeanXu;
				TargetAttributes = {
					42C0FE12183B4A2F004094FD = {
						TestTargetID = 42C0FDEE183B4A2F004094FD;
					};
				};
			};
			buildConfigurationList = 42C0FDEA183B4A2F004094FD /* Build configuration list for PBXProject "AmazingRobo" */;
			compatibilityVersion = "Xcode 3.2";
			developmentRegion = English;
			hasScannedForEncodings = 0;
			knownRegions = (
				en,
				Base,
			);
			mainGroup = 42C0FDE6183B4A2F004094FD;
			productRefGroup = 42C0FDF0183B4A2F004094FD /* Products */;
			projectDirPath = "";
			projectRoot = "";
			targets = (
				42C0FDEE183B4A2F004094FD /* AmazingRobo */,
				42C0FE12183B4A2F004094FD /* AmazingRoboTests */,
			);
		};
/* End PBXProject section */

/* Begin PBXResourcesBuildPhase section */
		42C0FDED183B4A2F004094FD /* Resources */ = {
			isa = PBXResourcesBuildPhase;
			buildActionMask = 2147483647;
			files = (
				42C0FDFD183B4A2F004094FD /* InfoPlist.strings in Resources */,
				42C0FE0E183B4A2F004094FD /* Images.xcassets in Resources */,
				42C0FE03183B4A2F004094FD /* Credits.rtf in Resources */,
				42C0FE09183B4A2F004094FD /* DXDocument.xib in Resources */,
				42C0FE0C183B4A2F004094FD /* MainMenu.xib in Resources */,
			);
			runOnlyForDeploymentPostprocessing = 0;
		};
		42C0FE11183B4A2F004094FD /* Resources */ = {
			isa = PBXResourcesBuildPhase;
			buildActionMask = 2147483647;
			files = (
				42C0FE1E183B4A2F004094FD /* InfoPlist.strings in Resources */,
			);
			runOnlyForDeploymentPostprocessing = 0;
		};
/* End PBXResourcesBuildPhase section */

/* Begin PBXSourcesBuildPhase section */
		42C0FDEB183B4A2F004094FD /* Sources */ = {
			isa = PBXSourcesBuildPhase;
			buildActionMask = 2147483647;
			files = (
				42B0272B1843593A00ED40B4 /* QServer.m in Sources */,
				42C0FE06183B4A2F004094FD /* DXDocument.m in Sources */,
				42C0FDFF183B4A2F004094FD /* main.m in Sources */,
				42517630184481E000C3D08D /* DXTouchCommand.m in Sources */,
				42B0272A1843593A00ED40B4 /* DXTCPServer.m in Sources */,
				425176281844816300C3D08D /* JSONKit.m in Sources */,
			);
			runOnlyForDeploymentPostprocessing = 0;
		};
		42C0FE0F183B4A2F004094FD /* Sources */ = {
			isa = PBXSourcesBuildPhase;
			buildActionMask = 2147483647;
			files = (
				42C0FE20183B4A2F004094FD /* AmazingRoboTests.m in Sources */,
			);
			runOnlyForDeploymentPostprocessing = 0;
		};
/* End PBXSourcesBuildPhase section */

/* Begin PBXTargetDependency section */
		42C0FE18183B4A2F004094FD /* PBXTargetDependency */ = {
			isa = PBXTargetDependency;
			target = 42C0FDEE183B4A2F004094FD /* AmazingRobo */;
			targetProxy = 42C0FE17183B4A2F004094FD /* PBXContainerItemProxy */;
		};
/* End PBXTargetDependency section */

/* Begin PBXVariantGroup section */
		42C0FDFB183B4A2F004094FD /* InfoPlist.strings */ = {
			isa = PBXVariantGroup;
			children = (
				42C0FDFC183B4A2F004094FD /* en */,
			);
			name = InfoPlist.strings;
			sourceTree = "<group>";
		};
		42C0FE01183B4A2F004094FD /* Credits.rtf */ = {
			isa = PBXVariantGroup;
			children = (
				42C0FE02183B4A2F004094FD /* en */,
			);
			name = Credits.rtf;
			sourceTree = "<group>";
		};
		42C0FE07183B4A2F004094FD /* DXDocument.xib */ = {
			isa = PBXVariantGroup;
			children = (
				42C0FE08183B4A2F004094FD /* Base */,
			);
			name = DXDocument.xib;
			sourceTree = "<group>";
		};
		42C0FE0A183B4A2F004094FD /* MainMenu.xib */ = {
			isa = PBXVariantGroup;
			children = (
				42C0FE0B183B4A2F004094FD /* Base */,
			);
			name = MainMenu.xib;
			sourceTree = "<group>";
		};
		42C0FE1C183B4A2F004094FD /* InfoPlist.strings */ = {
			isa = PBXVariantGroup;
			children = (
				42C0FE1D183B4A2F004094FD /* en */,
			);
			name = InfoPlist.strings;
			sourceTree = "<group>";
		};
/* End PBXVariantGroup section */

/* Begin XCBuildConfiguration section */
		42C0FE21183B4A2F004094FD /* Debug */ = {
			isa = XCBuildConfiguration;
			buildSettings = {
				ALWAYS_SEARCH_USER_PATHS = NO;
				CLANG_CXX_LANGUAGE_STANDARD = "gnu++0x";
				CLANG_CXX_LIBRARY = "libc++";
				CLANG_ENABLE_OBJC_ARC = YES;
				CLANG_WARN_BOOL_CONVERSION = YES;
				CLANG_WARN_CONSTANT_CONVERSION = YES;
				CLANG_WARN_DIRECT_OBJC_ISA_USAGE = YES_ERROR;
				CLANG_WARN_EMPTY_BODY = YES;
				CLANG_WARN_ENUM_CONVERSION = YES;
				CLANG_WARN_INT_CONVERSION = YES;
				CLANG_WARN_OBJC_ROOT_CLASS = YES_ERROR;
				CLANG_WARN__DUPLICATE_METHOD_MATCH = YES;
				COPY_PHASE_STRIP = NO;
				GCC_C_LANGUAGE_STANDARD = gnu99;
				GCC_DYNAMIC_NO_PIC = NO;
				GCC_ENABLE_OBJC_EXCEPTIONS = YES;
				GCC_OPTIMIZATION_LEVEL = 0;
				GCC_PREPROCESSOR_DEFINITIONS = (
					"DEBUG=1",
					"$(inherited)",
				);
				GCC_SYMBOLS_PRIVATE_EXTERN = NO;
				GCC_WARN_64_TO_32_BIT_CONVERSION = YES;
				GCC_WARN_ABOUT_RETURN_TYPE = YES_ERROR;
				GCC_WARN_UNDECLARED_SELECTOR = YES;
				GCC_WARN_UNINITIALIZED_AUTOS = YES;
				GCC_WARN_UNUSED_FUNCTION = YES;
				GCC_WARN_UNUSED_VARIABLE = YES;
				MACOSX_DEPLOYMENT_TARGET = 10.9;
				ONLY_ACTIVE_ARCH = YES;
				SDKROOT = macosx;
			};
			name = Debug;
		};
		42C0FE22183B4A2F004094FD /* Release */ = {
			isa = XCBuildConfiguration;
			buildSettings = {
				ALWAYS_SEARCH_USER_PATHS = NO;
				CLANG_CXX_LANGUAGE_STANDARD = "gnu++0x";
				CLANG_CXX_LIBRARY = "libc++";
				CLANG_ENABLE_OBJC_ARC = YES;
				CLANG_WARN_BOOL_CONVERSION = YES;
				CLANG_WARN_CONSTANT_CONVERSION = YES;
				CLANG_WARN_DIRECT_OBJC_ISA_USAGE = YES_ERROR;
				CLANG_WARN_EMPTY_BODY = YES;
				CLANG_WARN_ENUM_CONVERSION = YES;
				CLANG_WARN_INT_CONVERSION = YES;
				CLANG_WARN_OBJC_ROOT_CLASS = YES_ERROR;
				CLANG_WARN__DUPLICATE_METHOD_MATCH = YES;
				COPY_PHASE_STRIP = YES;
				DEBUG_INFORMATION_FORMAT = "dwarf-with-dsym";
				ENABLE_NS_ASSERTIONS = NO;
				GCC_C_LANGUAGE_STANDARD = gnu99;
				GCC_ENABLE_OBJC_EXCEPTIONS = YES;
				GCC_WARN_64_TO_32_BIT_CONVERSION = YES;
				GCC_WARN_ABOUT_RETURN_TYPE = YES_ERROR;
				GCC_WARN_UNDECLARED_SELECTOR = YES;
				GCC_WARN_UNINITIALIZED_AUTOS = YES;
				GCC_WARN_UNUSED_FUNCTION = YES;
				GCC_WARN_UNUSED_VARIABLE = YES;
				MACOSX_DEPLOYMENT_TARGET = 10.9;
				SDKROOT = macosx;
			};
			name = Release;
		};
		42C0FE24183B4A2F004094FD /* Debug */ = {
			isa = XCBuildConfiguration;
			buildSettings = {
				ASSETCATALOG_COMPILER_APPICON_NAME = AppIcon;
				COMBINE_HIDPI_IMAGES = YES;
				GCC_PRECOMPILE_PREFIX_HEADER = YES;
				GCC_PREFIX_HEADER = "AmazingRobo/AmazingRobo-Prefix.pch";
				INFOPLIST_FILE = "AmazingRobo/AmazingRobo-Info.plist";
				MACOSX_DEPLOYMENT_TARGET = 10.9;
				PRODUCT_NAME = "$(TARGET_NAME)";
				WRAPPER_EXTENSION = app;
			};
			name = Debug;
		};
		42C0FE25183B4A2F004094FD /* Release */ = {
			isa = XCBuildConfiguration;
			buildSettings = {
				ASSETCATALOG_COMPILER_APPICON_NAME = AppIcon;
				COMBINE_HIDPI_IMAGES = YES;
				GCC_PRECOMPILE_PREFIX_HEADER = YES;
				GCC_PREFIX_HEADER = "AmazingRobo/AmazingRobo-Prefix.pch";
				INFOPLIST_FILE = "AmazingRobo/AmazingRobo-Info.plist";
				MACOSX_DEPLOYMENT_TARGET = 10.9;
				PRODUCT_NAME = "$(TARGET_NAME)";
				WRAPPER_EXTENSION = app;
			};
			name = Release;
		};
		42C0FE27183B4A2F004094FD /* Debug */ = {
			isa = XCBuildConfiguration;
			buildSettings = {
				BUNDLE_LOADER = "$(BUILT_PRODUCTS_DIR)/AmazingRobo.app/Contents/MacOS/AmazingRobo";
				COMBINE_HIDPI_IMAGES = YES;
				FRAMEWORK_SEARCH_PATHS = (
					"$(DEVELOPER_FRAMEWORKS_DIR)",
					"$(inherited)",
				);
				GCC_PRECOMPILE_PREFIX_HEADER = YES;
				GCC_PREFIX_HEADER = "AmazingRobo/AmazingRobo-Prefix.pch";
				GCC_PREPROCESSOR_DEFINITIONS = (
					"DEBUG=1",
					"$(inherited)",
				);
				INFOPLIST_FILE = "AmazingRoboTests/AmazingRoboTests-Info.plist";
				PRODUCT_NAME = "$(TARGET_NAME)";
				TEST_HOST = "$(BUNDLE_LOADER)";
				WRAPPER_EXTENSION = xctest;
			};
			name = Debug;
		};
		42C0FE28183B4A2F004094FD /* Release */ = {
			isa = XCBuildConfiguration;
			buildSettings = {
				BUNDLE_LOADER = "$(BUILT_PRODUCTS_DIR)/AmazingRobo.app/Contents/MacOS/AmazingRobo";
				COMBINE_HIDPI_IMAGES = YES;
				FRAMEWORK_SEARCH_PATHS = (
					"$(DEVELOPER_FRAMEWORKS_DIR)",
					"$(inherited)",
				);
				GCC_PRECOMPILE_PREFIX_HEADER = YES;
				GCC_PREFIX_HEADER = "AmazingRobo/AmazingRobo-Prefix.pch";
				INFOPLIST_FILE = "AmazingRoboTests/AmazingRoboTests-Info.plist";
				PRODUCT_NAME = "$(TARGET_NAME)";
				TEST_HOST = "$(BUNDLE_LOADER)";
				WRAPPER_EXTENSION = xctest;
			};
			name = Release;
		};
/* End XCBuildConfiguration section */

/* Begin XCConfigurationList section */
		42C0FDEA183B4A2F004094FD /* Build configuration list for PBXProject "AmazingRobo" */ = {
			isa = XCConfigurationList;
			buildConfigurations = (
				42C0FE21183B4A2F004094FD /* Debug */,
				42C0FE22183B4A2F004094FD /* Release */,
			);
			defaultConfigurationIsVisible = 0;
			defaultConfigurationName = Release;
		};
		42C0FE23183B4A2F004094FD /* Build configuration list for PBXNativeTarget "AmazingRobo" */ = {
			isa = XCConfigurationList;
			buildConfigurations = (
				42C0FE24183B4A2F004094FD /* Debug */,
				42C0FE25183B4A2F004094FD /* Release */,
			);
			defaultConfigurationIsVisible = 0;
			defaultConfigurationName = Release;
		};
		42C0FE26183B4A2F004094FD /* Build configuration list for PBXNativeTarget "AmazingRoboTests" */ = {
			isa = XCConfigurationList;
			buildConfigurations = (
				42C0FE27183B4A2F004094FD /* Debug */,
				42C0FE28183B4A2F004094FD /* Release */,
			);
			defaultConfigurationIsVisible = 0;
			defaultConfigurationName = Release;
		};
/* End XCConfigurationList section */
	};
	rootObject = 42C0FDE7183B4A2F004094FD /* Project object */;
}
